// !$*UTF8*$!
{
	archiveVersion = 1;
	classes = {
	};
	objectVersion = 56;
	objects = {

/* Begin PBXBuildFile section */
		32C7007A299A274C00574BBB /* Map_SwiftUIApp.swift in Sources */ = {isa = PBXBuildFile; fileRef = 32C70079299A274C00574BBB /* Map_SwiftUIApp.swift */; };
		32C70081299A274E00574BBB /* Preview Assets.xcassets in Resources */ = {isa = PBXBuildFile; fileRef = 32C70080299A274E00574BBB /* Preview Assets.xcassets */; };
		32C7008C299A27DB00574BBB /* MapDataModel.swift in Sources */ = {isa = PBXBuildFile; fileRef = 32C7008B299A27DB00574BBB /* MapDataModel.swift */; };
		32C7008E299A282300574BBB /* LocationView.swift in Sources */ = {isa = PBXBuildFile; fileRef = 32C7008D299A282300574BBB /* LocationView.swift */; };
		32C70097299A444B00574BBB /* LocationsViewModel.swift in Sources */ = {isa = PBXBuildFile; fileRef = 32C70096299A444B00574BBB /* LocationsViewModel.swift */; };
		32E2E0F3299B79BC00E9B314 /* LocationsDataService.swift in Sources */ = {isa = PBXBuildFile; fileRef = 32E2E0F2299B79BC00E9B314 /* LocationsDataService.swift */; };
		32E2E0F7299B7A2F00E9B314 /* Assets.xcassets in Resources */ = {isa = PBXBuildFile; fileRef = 32E2E0F6299B7A2F00E9B314 /* Assets.xcassets */; };
		32E2E0F9299B931900E9B314 /* LocationListView.swift in Sources */ = {isa = PBXBuildFile; fileRef = 32E2E0F8299B931900E9B314 /* LocationListView.swift */; };
/* End PBXBuildFile section */

/* Begin PBXFileReference section */
		32C70076299A274C00574BBB /* Map_SwiftUI.app */ = {isa = PBXFileReference; explicitFileType = wrapper.application; includeInIndex = 0; path = Map_SwiftUI.app; sourceTree = BUILT_PRODUCTS_DIR; };
		32C70079299A274C00574BBB /* Map_SwiftUIApp.swift */ = {isa = PBXFileReference; lastKnownFileType = sourcecode.swift; path = Map_SwiftUIApp.swift; sourceTree = "<group>"; };
		32C70080299A274E00574BBB /* Preview Assets.xcassets */ = {isa = PBXFileReference; lastKnownFileType = folder.assetcatalog; path = "Preview Assets.xcassets"; sourceTree = "<group>"; };
		32C7008B299A27DB00574BBB /* MapDataModel.swift */ = {isa = PBXFileReference; lastKnownFileType = sourcecode.swift; path = MapDataModel.swift; sourceTree = "<group>"; };
		32C7008D299A282300574BBB /* LocationView.swift */ = {isa = PBXFileReference; lastKnownFileType = sourcecode.swift; path = LocationView.swift; sourceTree = "<group>"; };
		32C70096299A444B00574BBB /* LocationsViewModel.swift */ = {isa = PBXFileReference; lastKnownFileType = sourcecode.swift; path = LocationsViewModel.swift; sourceTree = "<group>"; };
		32E2E0F2299B79BC00E9B314 /* LocationsDataService.swift */ = {isa = PBXFileReference; fileEncoding = 4; lastKnownFileType = sourcecode.swift; name = LocationsDataService.swift; path = "../../../../../Downloads/SwiftfulMapApp-Downloads (1)/LocationsDataService.swift"; sourceTree = "<group>"; };
		32E2E0F6299B7A2F00E9B314 /* Assets.xcassets */ = {isa = PBXFileReference; lastKnownFileType = folder.assetcatalog; name = Assets.xcassets; path = "../../../../../Downloads/SwiftfulMapApp-Downloads (1)/Assets.xcassets"; sourceTree = "<group>"; };
		32E2E0F8299B931900E9B314 /* LocationListView.swift */ = {isa = PBXFileReference; lastKnownFileType = sourcecode.swift; path = LocationListView.swift; sourceTree = "<group>"; };
/* End PBXFileReference section */

/* Begin PBXFrameworksBuildPhase section */
		32C70073299A274C00574BBB /* Frameworks */ = {
			isa = PBXFrameworksBuildPhase;
			buildActionMask = 2147483647;
			files = (
			);
			runOnlyForDeploymentPostprocessing = 0;
		};
/* End PBXFrameworksBuildPhase section */

/* Begin PBXGroup section */
		32C7006D299A274C00574BBB = {
			isa = PBXGroup;
			children = (
				32C70078299A274C00574BBB /* Map_SwiftUI */,
				32C70077299A274C00574BBB /* Products */,
			);
			sourceTree = "<group>";
		};
		32C70077299A274C00574BBB /* Products */ = {
			isa = PBXGroup;
			children = (
				32C70076299A274C00574BBB /* Map_SwiftUI.app */,
			);
			name = Products;
			sourceTree = "<group>";
		};
		32C70078299A274C00574BBB /* Map_SwiftUI */ = {
			isa = PBXGroup;
			children = (
				32C70091299A36E700574BBB /* DataService */,
				32C7008A299A279B00574BBB /* Commen */,
				32C70089299A278300574BBB /* View Model */,
				32C70088299A277B00574BBB /* View */,
				32C70087299A277500574BBB /* Model */,
				32C70079299A274C00574BBB /* Map_SwiftUIApp.swift */,
				32C7007F299A274E00574BBB /* Preview Content */,
			);
			path = Map_SwiftUI;
			sourceTree = "<group>";
		};
		32C7007F299A274E00574BBB /* Preview Content */ = {
			isa = PBXGroup;
			children = (
				32C70080299A274E00574BBB /* Preview Assets.xcassets */,
			);
			path = "Preview Content";
			sourceTree = "<group>";
		};
		32C70087299A277500574BBB /* Model */ = {
			isa = PBXGroup;
			children = (
				32C7008B299A27DB00574BBB /* MapDataModel.swift */,
			);
			path = Model;
			sourceTree = "<group>";
		};
		32C70088299A277B00574BBB /* View */ = {
			isa = PBXGroup;
			children = (
				32C7008D299A282300574BBB /* LocationView.swift */,
				32E2E0F8299B931900E9B314 /* LocationListView.swift */,
			);
			path = View;
			sourceTree = "<group>";
		};
		32C70089299A278300574BBB /* View Model */ = {
			isa = PBXGroup;
			children = (
				32C70096299A444B00574BBB /* LocationsViewModel.swift */,
			);
			path = "View Model";
			sourceTree = "<group>";
		};
		32C7008A299A279B00574BBB /* Commen */ = {
			isa = PBXGroup;
			children = (
				32E2E0F6299B7A2F00E9B314 /* Assets.xcassets */,
			);
			path = Commen;
			sourceTree = "<group>";
		};
		32C70091299A36E700574BBB /* DataService */ = {
			isa = PBXGroup;
			children = (
				32E2E0F2299B79BC00E9B314 /* LocationsDataService.swift */,
			);
			path = DataService;
			sourceTree = "<group>";
		};
/* End PBXGroup section */

/* Begin PBXNativeTarget section */
		32C70075299A274C00574BBB /* Map_SwiftUI */ = {
			isa = PBXNativeTarget;
			buildConfigurationList = 32C70084299A274E00574BBB /* Build configuration list for PBXNativeTarget "Map_SwiftUI" */;
			buildPhases = (
				32C70072299A274C00574BBB /* Sources */,
				32C70073299A274C00574BBB /* Frameworks */,
				32C70074299A274C00574BBB /* Resources */,
			);
			buildRules = (
			);
			dependencies = (
			);
			name = Map_SwiftUI;
			productName = Map_SwiftUI;
			productReference = 32C70076299A274C00574BBB /* Map_SwiftUI.app */;
			productType = "com.apple.product-type.application";
		};
/* End PBXNativeTarget section */

/* Begin PBXProject section */
		32C7006E299A274C00574BBB /* Project object */ = {
			isa = PBXProject;
			attributes = {
				BuildIndependentTargetsInParallel = 1;
				LastSwiftUpdateCheck = 1420;
				LastUpgradeCheck = 1420;
				TargetAttributes = {
					32C70075299A274C00574BBB = {
						CreatedOnToolsVersion = 14.2;
					};
				};
			};
			buildConfigurationList = 32C70071299A274C00574BBB /* Build configuration list for PBXProject "Map_SwiftUI" */;
			compatibilityVersion = "Xcode 14.0";
			developmentRegion = en;
			hasScannedForEncodings = 0;
			knownRegions = (
				en,
				Base,
			);
			mainGroup = 32C7006D299A274C00574BBB;
			productRefGroup = 32C70077299A274C00574BBB /* Products */;
			projectDirPath = "";
			projectRoot = "";
			targets = (
				32C70075299A274C00574BBB /* Map_SwiftUI */,
			);
		};
/* End PBXProject section */

/* Begin PBXResourcesBuildPhase section */
		32C70074299A274C00574BBB /* Resources */ = {
			isa = PBXResourcesBuildPhase;
			buildActionMask = 2147483647;
			files = (
				32E2E0F7299B7A2F00E9B314 /* Assets.xcassets in Resources */,
				32C70081299A274E00574BBB /* Preview Assets.xcassets in Resources */,
			);
			runOnlyForDeploymentPostprocessing = 0;
		};
/* End PBXResourcesBuildPhase section */

/* Begin PBXSourcesBuildPhase section */
		32C70072299A274C00574BBB /* Sources */ = {
			isa = PBXSourcesBuildPhase;
			buildActionMask = 2147483647;
			files = (
				32C7008C299A27DB00574BBB /* MapDataModel.swift in Sources */,
				32E2E0F3299B79BC00E9B314 /* LocationsDataService.swift in Sources */,
				32C7008E299A282300574BBB /* LocationView.swift in Sources */,
				32E2E0F9299B931900E9B314 /* LocationListView.swift in Sources */,
				32C7007A299A274C00574BBB /* Map_SwiftUIApp.swift in Sources */,
				32C70097299A444B00574BBB /* LocationsViewModel.swift in Sources */,
			);
			runOnlyForDeploymentPostprocessing = 0;
		};
/* End PBXSourcesBuildPhase section */

/* Begin XCBuildConfiguration section */
		32C70082299A274E00574BBB /* Debug */ = {
			isa = XCBuildConfiguration;
			buildSettings = {
				ALWAYS_SEARCH_USER_PATHS = NO;
				CLANG_ANALYZER_NONNULL = YES;
				CLANG_ANALYZER_NUMBER_OBJECT_CONVERSION = YES_AGGRESSIVE;
				CLANG_CXX_LANGUAGE_STANDARD = "gnu++20";
				CLANG_ENABLE_MODULES = YES;
				CLANG_ENABLE_OBJC_ARC = YES;
				CLANG_ENABLE_OBJC_WEAK = YES;
				CLANG_WARN_BLOCK_CAPTURE_AUTORELEASING = YES;
				CLANG_WARN_BOOL_CONVERSION = YES;
				CLANG_WARN_COMMA = YES;
				CLANG_WARN_CONSTANT_CONVERSION = YES;
				CLANG_WARN_DEPRECATED_OBJC_IMPLEMENTATIONS = YES;
				CLANG_WARN_DIRECT_OBJC_ISA_USAGE = YES_ERROR;
				CLANG_WARN_DOCUMENTATION_COMMENTS = YES;
				CLANG_WARN_EMPTY_BODY = YES;
				CLANG_WARN_ENUM_CONVERSION = YES;
				CLANG_WARN_INFINITE_RECURSION = YES;
				CLANG_WARN_INT_CONVERSION = YES;
				CLANG_WARN_NON_LITERAL_NULL_CONVERSION = YES;
				CLANG_WARN_OBJC_IMPLICIT_RETAIN_SELF = YES;
				CLANG_WARN_OBJC_LITERAL_CONVERSION = YES;
				CLANG_WARN_OBJC_ROOT_CLASS = YES_ERROR;
				CLANG_WARN_QUOTED_INCLUDE_IN_FRAMEWORK_HEADER = YES;
				CLANG_WARN_RANGE_LOOP_ANALYSIS = YES;
				CLANG_WARN_STRICT_PROTOTYPES = YES;
				CLANG_WARN_SUSPICIOUS_MOVE = YES;
				CLANG_WARN_UNGUARDED_AVAILABILITY = YES_AGGRESSIVE;
				CLANG_WARN_UNREACHABLE_CODE = YES;
				CLANG_WARN__DUPLICATE_METHOD_MATCH = YES;
				COPY_PHASE_STRIP = NO;
				DEBUG_INFORMATION_FORMAT = dwarf;
				ENABLE_STRICT_OBJC_MSGSEND = YES;
				ENABLE_TESTABILITY = YES;
				GCC_C_LANGUAGE_STANDARD = gnu11;
				GCC_DYNAMIC_NO_PIC = NO;
				GCC_NO_COMMON_BLOCKS = YES;
				GCC_OPTIMIZATION_LEVEL = 0;
				GCC_PREPROCESSOR_DEFINITIONS = (
					"DEBUG=1",
					"$(inherited)",
				);
				GCC_WARN_64_TO_32_BIT_CONVERSION = YES;
				GCC_WARN_ABOUT_RETURN_TYPE = YES_ERROR;
				GCC_WARN_UNDECLARED_SELECTOR = YES;
				GCC_WARN_UNINITIALIZED_AUTOS = YES_AGGRESSIVE;
				GCC_WARN_UNUSED_FUNCTION = YES;
				GCC_WARN_UNUSED_VARIABLE = YES;
				IPHONEOS_DEPLOYMENT_TARGET = 16.2;
				MTL_ENABLE_DEBUG_INFO = INCLUDE_SOURCE;
				MTL_FAST_MATH = YES;
				ONLY_ACTIVE_ARCH = YES;
				SDKROOT = iphoneos;
				SWIFT_ACTIVE_COMPILATION_CONDITIONS = DEBUG;
				SWIFT_OPTIMIZATION_LEVEL = "-Onone";
			};
			name = Debug;
		};
		32C70083299A274E00574BBB /* Release */ = {
			isa = XCBuildConfiguration;
			buildSettings = {
				ALWAYS_SEARCH_USER_PATHS = NO;
				CLANG_ANALYZER_NONNULL = YES;
				CLANG_ANALYZER_NUMBER_OBJECT_CONVERSION = YES_AGGRESSIVE;
				CLANG_CXX_LANGUAGE_STANDARD = "gnu++20";
				CLANG_ENABLE_MODULES = YES;
				CLANG_ENABLE_OBJC_ARC = YES;
				CLANG_ENABLE_OBJC_WEAK = YES;
				CLANG_WARN_BLOCK_CAPTURE_AUTORELEASING = YES;
				CLANG_WARN_BOOL_CONVERSION = YES;
				CLANG_WARN_COMMA = YES;
				CLANG_WARN_CONSTANT_CONVERSION = YES;
				CLANG_WARN_DEPRECATED_OBJC_IMPLEMENTATIONS = YES;
				CLANG_WARN_DIRECT_OBJC_ISA_USAGE = YES_ERROR;
				CLANG_WARN_DOCUMENTATION_COMMENTS = YES;
				CLANG_WARN_EMPTY_BODY = YES;
				CLANG_WARN_ENUM_CONVERSION = YES;
				CLANG_WARN_INFINITE_RECURSION = YES;
				CLANG_WARN_INT_CONVERSION = YES;
				CLANG_WARN_NON_LITERAL_NULL_CONVERSION = YES;
				CLANG_WARN_OBJC_IMPLICIT_RETAIN_SELF = YES;
				CLANG_WARN_OBJC_LITERAL_CONVERSION = YES;
				CLANG_WARN_OBJC_ROOT_CLASS = YES_ERROR;
				CLANG_WARN_QUOTED_INCLUDE_IN_FRAMEWORK_HEADER = YES;
				CLANG_WARN_RANGE_LOOP_ANALYSIS = YES;
				CLANG_WARN_STRICT_PROTOTYPES = YES;
				CLANG_WARN_SUSPICIOUS_MOVE = YES;
				CLANG_WARN_UNGUARDED_AVAILABILITY = YES_AGGRESSIVE;
				CLANG_WARN_UNREACHABLE_CODE = YES;
				CLANG_WARN__DUPLICATE_METHOD_MATCH = YES;
				COPY_PHASE_STRIP = NO;
				DEBUG_INFORMATION_FORMAT = "dwarf-with-dsym";
				ENABLE_NS_ASSERTIONS = NO;
				ENABLE_STRICT_OBJC_MSGSEND = YES;
				GCC_C_LANGUAGE_STANDARD = gnu11;
				GCC_NO_COMMON_BLOCKS = YES;
				GCC_WARN_64_TO_32_BIT_CONVERSION = YES;
				GCC_WARN_ABOUT_RETURN_TYPE = YES_ERROR;
				GCC_WARN_UNDECLARED_SELECTOR = YES;
				GCC_WARN_UNINITIALIZED_AUTOS = YES_AGGRESSIVE;
				GCC_WARN_UNUSED_FUNCTION = YES;
				GCC_WARN_UNUSED_VARIABLE = YES;
				IPHONEOS_DEPLOYMENT_TARGET = 16.2;
				MTL_ENABLE_DEBUG_INFO = NO;
				MTL_FAST_MATH = YES;
				SDKROOT = iphoneos;
				SWIFT_COMPILATION_MODE = wholemodule;
				SWIFT_OPTIMIZATION_LEVEL = "-O";
				VALIDATE_PRODUCT = YES;
			};
			name = Release;
		};
		32C70085299A274E00574BBB /* Debug */ = {
			isa = XCBuildConfiguration;
			buildSettings = {
				ASSETCATALOG_COMPILER_APPICON_NAME = AppIcon;
				ASSETCATALOG_COMPILER_GLOBAL_ACCENT_COLOR_NAME = AccentColor;
				CODE_SIGN_STYLE = Automatic;
				CURRENT_PROJECT_VERSION = 1;
				DEVELOPMENT_ASSET_PATHS = "\"Map_SwiftUI/Preview Content\"";
				DEVELOPMENT_TEAM = F7JDMRXJ35;
				ENABLE_PREVIEWS = YES;
				GENERATE_INFOPLIST_FILE = YES;
				INFOPLIST_KEY_UIApplicationSceneManifest_Generation = YES;
				INFOPLIST_KEY_UIApplicationSupportsIndirectInputEvents = YES;
				INFOPLIST_KEY_UILaunchScreen_Generation = YES;
				INFOPLIST_KEY_UISupportedInterfaceOrientations_iPad = "UIInterfaceOrientationPortrait UIInterfaceOrientationPortraitUpsideDown UIInterfaceOrientationLandscapeLeft UIInterfaceOrientationLandscapeRight";
				INFOPLIST_KEY_UISupportedInterfaceOrientations_iPhone = "UIInterfaceOrientationPortrait UIInterfaceOrientationLandscapeLeft UIInterfaceOrientationLandscapeRight";
				LD_RUNPATH_SEARCH_PATHS = (
					"$(inherited)",
					"@executable_path/Frameworks",
				);
				MARKETING_VERSION = 1.0;
				PRODUCT_BUNDLE_IDENTIFIER = "swallower10.Map-SwiftUI";
				PRODUCT_NAME = "$(TARGET_NAME)";
				SWIFT_EMIT_LOC_STRINGS = YES;
				SWIFT_VERSION = 5.0;
				TARGETED_DEVICE_FAMILY = "1,2";
			};
			name = Debug;
		};
		32C70086299A274E00574BBB /* Release */ = {
			isa = XCBuildConfiguration;
			buildSettings = {
				ASSETCATALOG_COMPILER_APPICON_NAME = AppIcon;
				ASSETCATALOG_COMPILER_GLOBAL_ACCENT_COLOR_NAME = AccentColor;
				CODE_SIGN_STYLE = Automatic;
				CURRENT_PROJECT_VERSION = 1;
				DEVELOPMENT_ASSET_PATHS = "\"Map_SwiftUI/Preview Content\"";
				DEVELOPMENT_TEAM = F7JDMRXJ35;
				ENABLE_PREVIEWS = YES;
				GENERATE_INFOPLIST_FILE = YES;
				INFOPLIST_KEY_UIApplicationSceneManifest_Generation = YES;
				INFOPLIST_KEY_UIApplicationSupportsIndirectInputEvents = YES;
				INFOPLIST_KEY_UILaunchScreen_Generation = YES;
				INFOPLIST_KEY_UISupportedInterfaceOrientations_iPad = "UIInterfaceOrientationPortrait UIInterfaceOrientationPortraitUpsideDown UIInterfaceOrientationLandscapeLeft UIInterfaceOrientationLandscapeRight";
				INFOPLIST_KEY_UISupportedInterfaceOrientations_iPhone = "UIInterfaceOrientationPortrait UIInterfaceOrientationLandscapeLeft UIInterfaceOrientationLandscapeRight";
				LD_RUNPATH_SEARCH_PATHS = (
					"$(inherited)",
					"@executable_path/Frameworks",
				);
				MARKETING_VERSION = 1.0;
				PRODUCT_BUNDLE_IDENTIFIER = "swallower10.Map-SwiftUI";
				PRODUCT_NAME = "$(TARGET_NAME)";
				SWIFT_EMIT_LOC_STRINGS = YES;
				SWIFT_VERSION = 5.0;
				TARGETED_DEVICE_FAMILY = "1,2";
			};
			name = Release;
		};
/* End XCBuildConfiguration section */

/* Begin XCConfigurationList section */
		32C70071299A274C00574BBB /* Build configuration list for PBXProject "Map_SwiftUI" */ = {
			isa = XCConfigurationList;
			buildConfigurations = (
				32C70082299A274E00574BBB /* Debug */,
				32C70083299A274E00574BBB /* Release */,
			);
			defaultConfigurationIsVisible = 0;
			defaultConfigurationName = Release;
		};
		32C70084299A274E00574BBB /* Build configuration list for PBXNativeTarget "Map_SwiftUI" */ = {
			isa = XCConfigurationList;
			buildConfigurations = (
				32C70085299A274E00574BBB /* Debug */,
				32C70086299A274E00574BBB /* Release */,
			);
			defaultConfigurationIsVisible = 0;
			defaultConfigurationName = Release;
		};
/* End XCConfigurationList section */
	};
	rootObject = 32C7006E299A274C00574BBB /* Project object */;
}
